
Microsoft Visual Studio Solution File, Format Version 12.00
# Visual Studio 2015
Project("{FAE04EC0-301F-11D3-BF4B-00C04F79EFBC}") = "m4.Plugins", "m4.Plugins.csproj", "{6321D71B-4A61-C1D9-7D80-BBA71E68D274}"
EndProject
Project("{FAE04EC0-301F-11D3-BF4B-00C04F79EFBC}") = "m4", "m4.csproj", "{88660B64-480B-687F-BF3B-101E0A9E34D3}"
EndProject
Project("{FAE04EC0-301F-11D3-BF4B-00C04F79EFBC}") = "m4.Editor.Plugins", "m4.Editor.Plugins.csproj", "{73C98ADB-CF2C-7A3F-9723-F966186FA3C3}"
EndProject
Project("{FAE04EC0-301F-11D3-BF4B-00C04F79EFBC}") = "m4.Editor", "m4.Editor.csproj", "{378C674A-4C4D-765F-8CDB-069AF29C12BD}"
EndProject
Global
	GlobalSection(SolutionConfigurationPlatforms) = preSolution
		Debug|Any CPU = Debug|Any CPU
		Release|Any CPU = Release|Any CPU
	EndGlobalSection
	GlobalSection(ProjectConfigurationPlatforms) = postSolution
		{6321D71B-4A61-C1D9-7D80-BBA71E68D274}.Debug|Any CPU.ActiveCfg = Debug|Any CPU
		{6321D71B-4A61-C1D9-7D80-BBA71E68D274}.Debug|Any CPU.Build.0 = Debug|Any CPU
		{6321D71B-4A61-C1D9-7D80-BBA71E68D274}.Release|Any CPU.ActiveCfg = Release|Any CPU
		{6321D71B-4A61-C1D9-7D80-BBA71E68D274}.Release|Any CPU.Build.0 = Release|Any CPU
		{88660B64-480B-687F-BF3B-101E0A9E34D3}.Debug|Any CPU.ActiveCfg = Debug|Any CPU
		{88660B64-480B-687F-BF3B-101E0A9E34D3}.Debug|Any CPU.Build.0 = Debug|Any CPU
		{88660B64-480B-687F-BF3B-101E0A9E34D3}.Release|Any CPU.ActiveCfg = Release|Any CPU
		{88660B64-480B-687F-BF3B-101E0A9E34D3}.Release|Any CPU.Build.0 = Release|Any CPU
		{73C98ADB-CF2C-7A3F-9723-F966186FA3C3}.Debug|Any CPU.ActiveCfg = Debug|Any CPU
		{73C98ADB-CF2C-7A3F-9723-F966186FA3C3}.Debug|Any CPU.Build.0 = Debug|Any CPU
		{73C98ADB-CF2C-7A3F-9723-F966186FA3C3}.Release|Any CPU.ActiveCfg = Release|Any CPU
		{73C98ADB-CF2C-7A3F-9723-F966186FA3C3}.Release|Any CPU.Build.0 = Release|Any CPU
		{378C674A-4C4D-765F-8CDB-069AF29C12BD}.Debug|Any CPU.ActiveCfg = Debug|Any CPU
		{378C674A-4C4D-765F-8CDB-069AF29C12BD}.Debug|Any CPU.Build.0 = Debug|Any CPU
		{378C674A-4C4D-765F-8CDB-069AF29C12BD}.Release|Any CPU.ActiveCfg = Release|Any CPU
		{378C674A-4C4D-765F-8CDB-069AF29C12BD}.Release|Any CPU.Build.0 = Release|Any CPU
	EndGlobalSection
	GlobalSection(SolutionProperties) = preSolution
		HideSolutionNode = FALSE
	EndGlobalSection
EndGlobal
